
Microsoft Visual Studio Solution File, Format Version 12.00
# Visual Studio Version 17
VisualStudioVersion = 17.8.34322.80
MinimumVisualStudioVersion = 10.0.40219.1
Project("{FAE04EC0-301F-11D3-BF4B-00C04F79EFBC}") = "CleanTable", "CleanTablesFinal\CleanTable.csproj", "{1587675A-35CA-4327-995F-72CD095593DE}"
EndProject
Global
	GlobalSection(SolutionConfigurationPlatforms) = preSolution
		Debug|Any CPU = Debug|Any CPU
		Debug|arm64 = Debug|arm64
		Debug|x86 = Debug|x86
		Release|Any CPU = Release|Any CPU
		Release|arm64 = Release|arm64
		Release|x86 = Release|x86
	EndGlobalSection
	GlobalSection(ProjectConfigurationPlatforms) = postSolution
		{1587675A-35CA-4327-995F-72CD095593DE}.Debug|Any CPU.ActiveCfg = Debug|Any CPU
		{1587675A-35CA-4327-995F-72CD095593DE}.Debug|Any CPU.Build.0 = Debug|Any CPU
		{1587675A-35CA-4327-995F-72CD095593DE}.Debug|arm64.ActiveCfg = Debug|arm64
		{1587675A-35CA-4327-995F-72CD095593DE}.Debug|arm64.Build.0 = Debug|arm64
		{1587675A-35CA-4327-995F-72CD095593DE}.Debug|x86.ActiveCfg = Debug|x86
		{1587675A-35CA-4327-995F-72CD095593DE}.Debug|x86.Build.0 = Debug|x86
		{1587675A-35CA-4327-995F-72CD095593DE}.Release|Any CPU.ActiveCfg = Release|Any CPU
		{1587675A-35CA-4327-995F-72CD095593DE}.Release|Any CPU.Build.0 = Release|Any CPU
		{1587675A-35CA-4327-995F-72CD095593DE}.Release|arm64.ActiveCfg = Release|arm64
		{1587675A-35CA-4327-995F-72CD095593DE}.Release|arm64.Build.0 = Release|arm64
		{1587675A-35CA-4327-995F-72CD095593DE}.Release|x86.ActiveCfg = Release|x86
		{1587675A-35CA-4327-995F-72CD095593DE}.Release|x86.Build.0 = Release|x86
	EndGlobalSection
	GlobalSection(SolutionProperties) = preSolution
		HideSolutionNode = FALSE
	EndGlobalSection
	GlobalSection(ExtensibilityGlobals) = postSolution
		SolutionGuid = {28372ADD-069B-449F-9CDB-8A79BD5E2B12}
	EndGlobalSection
EndGlobal
